
Microsoft Visual Studio Solution File, Format Version 12.00
# Visual Studio 15
VisualStudioVersion = 15.0.27004.2010
MinimumVisualStudioVersion = 10.0.40219.1
Project("{FAE04EC0-301F-11D3-BF4B-00C04F79EFBC}") = "Kaxaml", "Kaxaml\Kaxaml.csproj", "{FF5B3F61-822A-4154-9215-43D4A835EDF4}"
EndProject
Project("{FAE04EC0-301F-11D3-BF4B-00C04F79EFBC}") = "KaxamlPlugins", "KaxamlPlugins\KaxamlPlugins.csproj", "{F6B1B201-8293-4729-842C-0BB54F89FFA7}"
EndProject
Project("{FAE04EC0-301F-11D3-BF4B-00C04F79EFBC}") = "ColorPickerPlugin", "ColorPickerPlugin\ColorPickerPlugin.csproj", "{5530593D-5AEF-4761-9672-D2E7F642AFE9}"
EndProject
Project("{FAE04EC0-301F-11D3-BF4B-00C04F79EFBC}") = "SnapshotPlugin", "SnapshotPlugin\SnapshotPlugin.csproj", "{44B5D1D9-2087-4E43-BCED-A7CD8B00BF22}"
EndProject
Project("{FAE04EC0-301F-11D3-BF4B-00C04F79EFBC}") = "XamlScrubberPlugin", "XamlScrubberPlugin\XamlScrubberPlugin.csproj", "{F313AD16-137D-4DF0-9A3B-027900F997A9}"
EndProject
Project("{2150E333-8FDC-42A3-9474-1A3956D46DE8}") = "Solution Items", "Solution Items", "{DDDDF61A-6B22-4EDE-9BAF-27DC67312098}"
	ProjectSection(SolutionItems) = preProject
		..\.editorconfig = ..\.editorconfig
	EndProjectSection
EndProject
Project("{FAE04EC0-301F-11D3-BF4B-00C04F79EFBC}") = "Kaxaml.Core", "Kaxaml.Core\Kaxaml.Core.csproj", "{513F3ABF-0B44-4742-8142-0A27FA19353B}"
EndProject
Global
	GlobalSection(SolutionConfigurationPlatforms) = preSolution
		Debug|Any CPU = Debug|Any CPU
		Release|Any CPU = Release|Any CPU
	EndGlobalSection
	GlobalSection(ProjectConfigurationPlatforms) = postSolution
		{FF5B3F61-822A-4154-9215-43D4A835EDF4}.Debug|Any CPU.ActiveCfg = Debug|Any CPU
		{FF5B3F61-822A-4154-9215-43D4A835EDF4}.Debug|Any CPU.Build.0 = Debug|Any CPU
		{FF5B3F61-822A-4154-9215-43D4A835EDF4}.Release|Any CPU.ActiveCfg = Release|Any CPU
		{FF5B3F61-822A-4154-9215-43D4A835EDF4}.Release|Any CPU.Build.0 = Release|Any CPU
		{F6B1B201-8293-4729-842C-0BB54F89FFA7}.Debug|Any CPU.ActiveCfg = Debug|Any CPU
		{F6B1B201-8293-4729-842C-0BB54F89FFA7}.Debug|Any CPU.Build.0 = Debug|Any CPU
		{F6B1B201-8293-4729-842C-0BB54F89FFA7}.Release|Any CPU.ActiveCfg = Release|Any CPU
		{F6B1B201-8293-4729-842C-0BB54F89FFA7}.Release|Any CPU.Build.0 = Release|Any CPU
		{5530593D-5AEF-4761-9672-D2E7F642AFE9}.Debug|Any CPU.ActiveCfg = Debug|Any CPU
		{5530593D-5AEF-4761-9672-D2E7F642AFE9}.Debug|Any CPU.Build.0 = Debug|Any CPU
		{5530593D-5AEF-4761-9672-D2E7F642AFE9}.Release|Any CPU.ActiveCfg = Release|Any CPU
		{5530593D-5AEF-4761-9672-D2E7F642AFE9}.Release|Any CPU.Build.0 = Release|Any CPU
		{44B5D1D9-2087-4E43-BCED-A7CD8B00BF22}.Debug|Any CPU.ActiveCfg = Debug|Any CPU
		{44B5D1D9-2087-4E43-BCED-A7CD8B00BF22}.Debug|Any CPU.Build.0 = Debug|Any CPU
		{44B5D1D9-2087-4E43-BCED-A7CD8B00BF22}.Release|Any CPU.ActiveCfg = Release|Any CPU
		{44B5D1D9-2087-4E43-BCED-A7CD8B00BF22}.Release|Any CPU.Build.0 = Release|Any CPU
		{F313AD16-137D-4DF0-9A3B-027900F997A9}.Debug|Any CPU.ActiveCfg = Debug|Any CPU
		{F313AD16-137D-4DF0-9A3B-027900F997A9}.Debug|Any CPU.Build.0 = Debug|Any CPU
		{F313AD16-137D-4DF0-9A3B-027900F997A9}.Release|Any CPU.ActiveCfg = Release|Any CPU
		{F313AD16-137D-4DF0-9A3B-027900F997A9}.Release|Any CPU.Build.0 = Release|Any CPU
		{513F3ABF-0B44-4742-8142-0A27FA19353B}.Debug|Any CPU.ActiveCfg = Debug|Any CPU
		{513F3ABF-0B44-4742-8142-0A27FA19353B}.Debug|Any CPU.Build.0 = Debug|Any CPU
		{513F3ABF-0B44-4742-8142-0A27FA19353B}.Release|Any CPU.ActiveCfg = Release|Any CPU
		{513F3ABF-0B44-4742-8142-0A27FA19353B}.Release|Any CPU.Build.0 = Release|Any CPU
	EndGlobalSection
	GlobalSection(SolutionProperties) = preSolution
		HideSolutionNode = FALSE
	EndGlobalSection
	GlobalSection(ExtensibilityGlobals) = postSolution
		SolutionGuid = {2DF40788-16D1-4C9A-9824-31E98D62E7D9}
	EndGlobalSection
EndGlobal
